
Microsoft Visual Studio Solution File, Format Version 12.00
# Visual Studio Version 17
VisualStudioVersion = 17.7.34031.279
MinimumVisualStudioVersion = 10.0.40219.1
Project("{9A19103F-16F7-4668-BE54-9A1E7A4F7556}") = "DevSquad.RunningRecords.Backend.Domain", "src\DevSquad.RunningRecords.Backend.Domain\DevSquad.RunningRecords.Backend.Domain.csproj", "{CCC3BE53-81DD-4311-B782-7D35C7D9C79D}"
EndProject
Project("{9A19103F-16F7-4668-BE54-9A1E7A4F7556}") = "DevSquad.RunningRecords.Backend.Infrastructure", "src\DevSquad.RunningRecords.Backend.Infrastructure\DevSquad.RunningRecords.Backend.Infrastructure.csproj", "{55675729-D420-4857-903B-9C277683117C}"
EndProject
Project("{9A19103F-16F7-4668-BE54-9A1E7A4F7556}") = "DevSquad.RunningRecords.Backend.Application", "src\DevSquad.RunningRecords.Backend.Application\DevSquad.RunningRecords.Backend.Application.csproj", "{6C319121-C8F0-4723-B476-253329183589}"
EndProject
Project("{9A19103F-16F7-4668-BE54-9A1E7A4F7556}") = "DevSquad.RunningRecords.Backend.Domain.Tests", "tests\DevSquad.RunningRecords.Backend.Domain.Tests\DevSquad.RunningRecords.Backend.Domain.Tests.csproj", "{FCDEAF4A-6091-448E-8C5E-A377F1DF0776}"
EndProject
Project("{9A19103F-16F7-4668-BE54-9A1E7A4F7556}") = "DevSquad.RunningRecords.Backend.Api", "src\DevSquad.RunningRecords.Backend.Api\DevSquad.RunningRecords.Backend.Api.csproj", "{9272E439-B044-43B9-A2F4-F8929C557D7A}"
EndProject
Project("{9A19103F-16F7-4668-BE54-9A1E7A4F7556}") = "DevSquad.RunningRecords.Backend.Api.IntegrationTests", "tests\DevSquad.RunningRecords.Backend.Api.IntegrationTests\DevSquad.RunningRecords.Backend.Api.IntegrationTests.csproj", "{4C498F90-45E5-48F9-9B1C-5D28EC3EF853}"
EndProject
Global
	GlobalSection(SolutionConfigurationPlatforms) = preSolution
		Debug|Any CPU = Debug|Any CPU
		Release|Any CPU = Release|Any CPU
	EndGlobalSection
	GlobalSection(ProjectConfigurationPlatforms) = postSolution
		{CCC3BE53-81DD-4311-B782-7D35C7D9C79D}.Debug|Any CPU.ActiveCfg = Debug|Any CPU
		{CCC3BE53-81DD-4311-B782-7D35C7D9C79D}.Debug|Any CPU.Build.0 = Debug|Any CPU
		{CCC3BE53-81DD-4311-B782-7D35C7D9C79D}.Release|Any CPU.ActiveCfg = Release|Any CPU
		{CCC3BE53-81DD-4311-B782-7D35C7D9C79D}.Release|Any CPU.Build.0 = Release|Any CPU
		{55675729-D420-4857-903B-9C277683117C}.Debug|Any CPU.ActiveCfg = Debug|Any CPU
		{55675729-D420-4857-903B-9C277683117C}.Debug|Any CPU.Build.0 = Debug|Any CPU
		{55675729-D420-4857-903B-9C277683117C}.Release|Any CPU.ActiveCfg = Release|Any CPU
		{55675729-D420-4857-903B-9C277683117C}.Release|Any CPU.Build.0 = Release|Any CPU
		{6C319121-C8F0-4723-B476-253329183589}.Debug|Any CPU.ActiveCfg = Debug|Any CPU
		{6C319121-C8F0-4723-B476-253329183589}.Debug|Any CPU.Build.0 = Debug|Any CPU
		{6C319121-C8F0-4723-B476-253329183589}.Release|Any CPU.ActiveCfg = Release|Any CPU
		{6C319121-C8F0-4723-B476-253329183589}.Release|Any CPU.Build.0 = Release|Any CPU
		{FCDEAF4A-6091-448E-8C5E-A377F1DF0776}.Debug|Any CPU.ActiveCfg = Debug|Any CPU
		{FCDEAF4A-6091-448E-8C5E-A377F1DF0776}.Debug|Any CPU.Build.0 = Debug|Any CPU
		{FCDEAF4A-6091-448E-8C5E-A377F1DF0776}.Release|Any CPU.ActiveCfg = Release|Any CPU
		{FCDEAF4A-6091-448E-8C5E-A377F1DF0776}.Release|Any CPU.Build.0 = Release|Any CPU
		{9272E439-B044-43B9-A2F4-F8929C557D7A}.Debug|Any CPU.ActiveCfg = Debug|Any CPU
		{9272E439-B044-43B9-A2F4-F8929C557D7A}.Debug|Any CPU.Build.0 = Debug|Any CPU
		{9272E439-B044-43B9-A2F4-F8929C557D7A}.Release|Any CPU.ActiveCfg = Release|Any CPU
		{9272E439-B044-43B9-A2F4-F8929C557D7A}.Release|Any CPU.Build.0 = Release|Any CPU
		{4C498F90-45E5-48F9-9B1C-5D28EC3EF853}.Debug|Any CPU.ActiveCfg = Debug|Any CPU
		{4C498F90-45E5-48F9-9B1C-5D28EC3EF853}.Debug|Any CPU.Build.0 = Debug|Any CPU
		{4C498F90-45E5-48F9-9B1C-5D28EC3EF853}.Release|Any CPU.ActiveCfg = Release|Any CPU
		{4C498F90-45E5-48F9-9B1C-5D28EC3EF853}.Release|Any CPU.Build.0 = Release|Any CPU
	EndGlobalSection
	GlobalSection(SolutionProperties) = preSolution
		HideSolutionNode = FALSE
	EndGlobalSection
	GlobalSection(ExtensibilityGlobals) = postSolution
		SolutionGuid = {CE7C2185-95D0-4119-A53D-224CF6C38CCA}
	EndGlobalSection
EndGlobal
